
Microsoft Visual Studio Solution File, Format Version 12.00
# Visual Studio Version 17
VisualStudioVersion = 17.4.33213.308
MinimumVisualStudioVersion = 10.0.40219.1
Project("{FAE04EC0-301F-11D3-BF4B-00C04F79EFBC}") = "Lift", "Lift\Lift.csproj", "{794FFF7B-98C4-45B2-BC59-E671D7A11841}"
EndProject
Global
	GlobalSection(SolutionConfigurationPlatforms) = preSolution
		Debug|Any CPU = Debug|Any CPU
		Release|Any CPU = Release|Any CPU
	EndGlobalSection
	GlobalSection(ProjectConfigurationPlatforms) = postSolution
		{794FFF7B-98C4-45B2-BC59-E671D7A11841}.Debug|Any CPU.ActiveCfg = Debug|Any CPU
		{794FFF7B-98C4-45B2-BC59-E671D7A11841}.Debug|Any CPU.Build.0 = Debug|Any CPU
		{794FFF7B-98C4-45B2-BC59-E671D7A11841}.Release|Any CPU.ActiveCfg = Release|Any CPU
		{794FFF7B-98C4-45B2-BC59-E671D7A11841}.Release|Any CPU.Build.0 = Release|Any CPU
	EndGlobalSection
	GlobalSection(SolutionProperties) = preSolution
		HideSolutionNode = FALSE
	EndGlobalSection
	GlobalSection(ExtensibilityGlobals) = postSolution
		SolutionGuid = {15366DCF-72F9-4840-A5DD-CB28EBA30B33}
	EndGlobalSection
EndGlobal
